Microsoft Visual Studio Solution File, Format Version 12.00
# Visual Studio Version 17
VisualStudioVersion = 17.5.2.0
MinimumVisualStudioVersion = 10.0.40219.1
Project("{FAE04EC0-301F-11D3-BF4B-00C04F79EFBC}") = "Calcular_Salario", "Calcular_Salario.csproj", "{DB2538C4-D0D7-9540-DDEB-AA5F2A65FF2B}"
EndProject
Global
	GlobalSection(SolutionConfigurationPlatforms) = preSolution
		Debug|Any CPU = Debug|Any CPU
		Release|Any CPU = Release|Any CPU
	EndGlobalSection
	GlobalSection(ProjectConfigurationPlatforms) = postSolution
		{DB2538C4-D0D7-9540-DDEB-AA5F2A65FF2B}.Debug|Any CPU.ActiveCfg = Debug|Any CPU
		{DB2538C4-D0D7-9540-DDEB-AA5F2A65FF2B}.Debug|Any CPU.Build.0 = Debug|Any CPU
		{DB2538C4-D0D7-9540-DDEB-AA5F2A65FF2B}.Release|Any CPU.ActiveCfg = Release|Any CPU
		{DB2538C4-D0D7-9540-DDEB-AA5F2A65FF2B}.Release|Any CPU.Build.0 = Release|Any CPU
	EndGlobalSection
	GlobalSection(SolutionProperties) = preSolution
		HideSolutionNode = FALSE
	EndGlobalSection
	GlobalSection(ExtensibilityGlobals) = postSolution
		SolutionGuid = {1FF9F6E9-5FDF-4F99-97C4-1D436D760F22}
	EndGlobalSection
EndGlobal
